
Microsoft Visual Studio Solution File, Format Version 12.00
# Visual Studio 15
VisualStudioVersion = 15.0.26430.16
MinimumVisualStudioVersion = 10.0.40219.1
Project("{FAE04EC0-301F-11D3-BF4B-00C04F79EFBC}") = "RealmDB_Demo.Android", "RealmDB_Demo\RealmDB_Demo.Android\RealmDB_Demo.Android.csproj", "{7E7EA08D-52C4-4F49-95EF-F63E8BA335C0}"
EndProject
Project("{FAE04EC0-301F-11D3-BF4B-00C04F79EFBC}") = "RealmDB_Demo", "RealmDB_Demo\RealmDB_Demo\RealmDB_Demo.csproj", "{88107EB4-4DCC-4824-8E19-401F0AEB1B58}"
EndProject
Project("{FAE04EC0-301F-11D3-BF4B-00C04F79EFBC}") = "RealmDB_Demo.iOS", "RealmDB_Demo\RealmDB_Demo.iOS\RealmDB_Demo.iOS.csproj", "{E42D2A22-369F-4AB0-8FBD-7D65322595FD}"
EndProject
Global
	GlobalSection(SolutionConfigurationPlatforms) = preSolution
		Ad-Hoc|Any CPU = Ad-Hoc|Any CPU
		Ad-Hoc|ARM = Ad-Hoc|ARM
		Ad-Hoc|iPhone = Ad-Hoc|iPhone
		Ad-Hoc|iPhoneSimulator = Ad-Hoc|iPhoneSimulator
		Ad-Hoc|x64 = Ad-Hoc|x64
		Ad-Hoc|x86 = Ad-Hoc|x86
		AppStore|Any CPU = AppStore|Any CPU
		AppStore|ARM = AppStore|ARM
		AppStore|iPhone = AppStore|iPhone
		AppStore|iPhoneSimulator = AppStore|iPhoneSimulator
		AppStore|x64 = AppStore|x64
		AppStore|x86 = AppStore|x86
		Debug|Any CPU = Debug|Any CPU
		Debug|ARM = Debug|ARM
		Debug|iPhone = Debug|iPhone
		Debug|iPhoneSimulator = Debug|iPhoneSimulator
		Debug|x64 = Debug|x64
		Debug|x86 = Debug|x86
		Release|Any CPU = Release|Any CPU
		Release|ARM = Release|ARM
		Release|iPhone = Release|iPhone
		Release|iPhoneSimulator = Release|iPhoneSimulator
		Release|x64 = Release|x64
		Release|x86 = Release|x86
	EndGlobalSection
	GlobalSection(ProjectConfigurationPlatforms) = postSolution
		{7E7EA08D-52C4-4F49-95EF-F63E8BA335C0}.Ad-Hoc|Any CPU.ActiveCfg = Release|Any CPU
		{7E7EA08D-52C4-4F49-95EF-F63E8BA335C0}.Ad-Hoc|Any CPU.Build.0 = Release|Any CPU
		{7E7EA08D-52C4-4F49-95EF-F63E8BA335C0}.Ad-Hoc|Any CPU.Deploy.0 = Release|Any CPU
		{7E7EA08D-52C4-4F49-95EF-F63E8BA335C0}.Ad-Hoc|ARM.ActiveCfg = Release|Any CPU
		{7E7EA08D-52C4-4F49-95EF-F63E8BA335C0}.Ad-Hoc|ARM.Build.0 = Release|Any CPU
		{7E7EA08D-52C4-4F49-95EF-F63E8BA335C0}.Ad-Hoc|ARM.Deploy.0 = Release|Any CPU
		{7E7EA08D-52C4-4F49-95EF-F63E8BA335C0}.Ad-Hoc|iPhone.ActiveCfg = Release|Any CPU
		{7E7EA08D-52C4-4F49-95EF-F63E8BA335C0}.Ad-Hoc|iPhone.Build.0 = Release|Any CPU
		{7E7EA08D-52C4-4F49-95EF-F63E8BA335C0}.Ad-Hoc|iPhone.Deploy.0 = Release|Any CPU
		{7E7EA08D-52C4-4F49-95EF-F63E8BA335C0}.Ad-Hoc|iPhoneSimulator.ActiveCfg = Release|Any CPU
		{7E7EA08D-52C4-4F49-95EF-F63E8BA335C0}.Ad-Hoc|iPhoneSimulator.Build.0 = Release|Any CPU
		{7E7EA08D-52C4-4F49-95EF-F63E8BA335C0}.Ad-Hoc|iPhoneSimulator.Deploy.0 = Release|Any CPU
		{7E7EA08D-52C4-4F49-95EF-F63E8BA335C0}.Ad-Hoc|x64.ActiveCfg = Release|Any CPU
		{7E7EA08D-52C4-4F49-95EF-F63E8BA335C0}.Ad-Hoc|x64.Build.0 = Release|Any CPU
		{7E7EA08D-52C4-4F49-95EF-F63E8BA335C0}.Ad-Hoc|x64.Deploy.0 = Release|Any CPU
		{7E7EA08D-52C4-4F49-95EF-F63E8BA335C0}.Ad-Hoc|x86.ActiveCfg = Release|Any CPU
		{7E7EA08D-52C4-4F49-95EF-F63E8BA335C0}.Ad-Hoc|x86.Build.0 = Release|Any CPU
		{7E7EA08D-52C4-4F49-95EF-F63E8BA335C0}.Ad-Hoc|x86.Deploy.0 = Release|Any CPU
		{7E7EA08D-52C4-4F49-95EF-F63E8BA335C0}.AppStore|Any CPU.ActiveCfg = Release|Any CPU
		{7E7EA08D-52C4-4F49-95EF-F63E8BA335C0}.AppStore|Any CPU.Build.0 = Release|Any CPU
		{7E7EA08D-52C4-4F49-95EF-F63E8BA335C0}.AppStore|Any CPU.Deploy.0 = Release|Any CPU
		{7E7EA08D-52C4-4F49-95EF-F63E8BA335C0}.AppStore|ARM.ActiveCfg = Release|Any CPU
		{7E7EA08D-52C4-4F49-95EF-F63E8BA335C0}.AppStore|ARM.Build.0 = Release|Any CPU
		{7E7EA08D-52C4-4F49-95EF-F63E8BA335C0}.AppStore|ARM.Deploy.0 = Release|Any CPU
		{7E7EA08D-52C4-4F49-95EF-F63E8BA335C0}.AppStore|iPhone.ActiveCfg = Release|Any CPU
		{7E7EA08D-52C4-4F49-95EF-F63E8BA335C0}.AppStore|iPhone.Build.0 = Release|Any CPU
		{7E7EA08D-52C4-4F49-95EF-F63E8BA335C0}.AppStore|iPhone.Deploy.0 = Release|Any CPU
		{7E7EA08D-52C4-4F49-95EF-F63E8BA335C0}.AppStore|iPhoneSimulator.ActiveCfg = Release|Any CPU
		{7E7EA08D-52C4-4F49-95EF-F63E8BA335C0}.AppStore|iPhoneSimulator.Build.0 = Release|Any CPU
		{7E7EA08D-52C4-4F49-95EF-F63E8BA335C0}.AppStore|iPhoneSimulator.Deploy.0 = Release|Any CPU
		{7E7EA08D-52C4-4F49-95EF-F63E8BA335C0}.AppStore|x64.ActiveCfg = Release|Any CPU
		{7E7EA08D-52C4-4F49-95EF-F63E8BA335C0}.AppStore|x64.Build.0 = Release|Any CPU
		{7E7EA08D-52C4-4F49-95EF-F63E8BA335C0}.AppStore|x64.Deploy.0 = Release|Any CPU
		{7E7EA08D-52C4-4F49-95EF-F63E8BA335C0}.AppStore|x86.ActiveCfg = Release|Any CPU
		{7E7EA08D-52C4-4F49-95EF-F63E8BA335C0}.AppStore|x86.Build.0 = Release|Any CPU
		{7E7EA08D-52C4-4F49-95EF-F63E8BA335C0}.AppStore|x86.Deploy.0 = Release|Any CPU
		{7E7EA08D-52C4-4F49-95EF-F63E8BA335C0}.Debug|Any CPU.ActiveCfg = Debug|Any CPU
		{7E7EA08D-52C4-4F49-95EF-F63E8BA335C0}.Debug|Any CPU.Build.0 = Debug|Any CPU
		{7E7EA08D-52C4-4F49-95EF-F63E8BA335C0}.Debug|Any CPU.Deploy.0 = Debug|Any CPU
		{7E7EA08D-52C4-4F49-95EF-F63E8BA335C0}.Debug|ARM.ActiveCfg = Debug|Any CPU
		{7E7EA08D-52C4-4F49-95EF-F63E8BA335C0}.Debug|ARM.Build.0 = Debug|Any CPU
		{7E7EA08D-52C4-4F49-95EF-F63E8BA335C0}.Debug|ARM.Deploy.0 = Debug|Any CPU
		{7E7EA08D-52C4-4F49-95EF-F63E8BA335C0}.Debug|iPhone.ActiveCfg = Debug|Any CPU
		{7E7EA08D-52C4-4F49-95EF-F63E8BA335C0}.Debug|iPhone.Build.0 = Debug|Any CPU
		{7E7EA08D-52C4-4F49-95EF-F63E8BA335C0}.Debug|iPhone.Deploy.0 = Debug|Any CPU
		{7E7EA08D-52C4-4F49-95EF-F63E8BA335C0}.Debug|iPhoneSimulator.ActiveCfg = Debug|Any CPU
		{7E7EA08D-52C4-4F49-95EF-F63E8BA335C0}.Debug|iPhoneSimulator.Build.0 = Debug|Any CPU
		{7E7EA08D-52C4-4F49-95EF-F63E8BA335C0}.Debug|iPhoneSimulator.Deploy.0 = Debug|Any CPU
		{7E7EA08D-52C4-4F49-95EF-F63E8BA335C0}.Debug|x64.ActiveCfg = Debug|Any CPU
		{7E7EA08D-52C4-4F49-95EF-F63E8BA335C0}.Debug|x64.Build.0 = Debug|Any CPU
		{7E7EA08D-52C4-4F49-95EF-F63E8BA335C0}.Debug|x64.Deploy.0 = Debug|Any CPU
		{7E7EA08D-52C4-4F49-95EF-F63E8BA335C0}.Debug|x86.ActiveCfg = Debug|Any CPU
		{7E7EA08D-52C4-4F49-95EF-F63E8BA335C0}.Debug|x86.Build.0 = Debug|Any CPU
		{7E7EA08D-52C4-4F49-95EF-F63E8BA335C0}.Debug|x86.Deploy.0 = Debug|Any CPU
		{7E7EA08D-52C4-4F49-95EF-F63E8BA335C0}.Release|Any CPU.ActiveCfg = Release|Any CPU
		{7E7EA08D-52C4-4F49-95EF-F63E8BA335C0}.Release|Any CPU.Build.0 = Release|Any CPU
		{7E7EA08D-52C4-4F49-95EF-F63E8BA335C0}.Release|Any CPU.Deploy.0 = Release|Any CPU
		{7E7EA08D-52C4-4F49-95EF-F63E8BA335C0}.Release|ARM.ActiveCfg = Release|Any CPU
		{7E7EA08D-52C4-4F49-95EF-F63E8BA335C0}.Release|ARM.Build.0 = Release|Any CPU
		{7E7EA08D-52C4-4F49-95EF-F63E8BA335C0}.Release|ARM.Deploy.0 = Release|Any CPU
		{7E7EA08D-52C4-4F49-95EF-F63E8BA335C0}.Release|iPhone.ActiveCfg = Release|Any CPU
		{7E7EA08D-52C4-4F49-95EF-F63E8BA335C0}.Release|iPhone.Build.0 = Release|Any CPU
		{7E7EA08D-52C4-4F49-95EF-F63E8BA335C0}.Release|iPhone.Deploy.0 = Release|Any CPU
		{7E7EA08D-52C4-4F49-95EF-F63E8BA335C0}.Release|iPhoneSimulator.ActiveCfg = Release|Any CPU
		{7E7EA08D-52C4-4F49-95EF-F63E8BA335C0}.Release|iPhoneSimulator.Build.0 = Release|Any CPU
		{7E7EA08D-52C4-4F49-95EF-F63E8BA335C0}.Release|iPhoneSimulator.Deploy.0 = Release|Any CPU
		{7E7EA08D-52C4-4F49-95EF-F63E8BA335C0}.Release|x64.ActiveCfg = Release|Any CPU
		{7E7EA08D-52C4-4F49-95EF-F63E8BA335C0}.Release|x64.Build.0 = Release|Any CPU
		{7E7EA08D-52C4-4F49-95EF-F63E8BA335C0}.Release|x64.Deploy.0 = Release|Any CPU
		{7E7EA08D-52C4-4F49-95EF-F63E8BA335C0}.Release|x86.ActiveCfg = Release|Any CPU
		{7E7EA08D-52C4-4F49-95EF-F63E8BA335C0}.Release|x86.Build.0 = Release|Any CPU
		{7E7EA08D-52C4-4F49-95EF-F63E8BA335C0}.Release|x86.Deploy.0 = Release|Any CPU
		{88107EB4-4DCC-4824-8E19-401F0AEB1B58}.Ad-Hoc|Any CPU.ActiveCfg = Release|Any CPU
		{88107EB4-4DCC-4824-8E19-401F0AEB1B58}.Ad-Hoc|Any CPU.Build.0 = Release|Any CPU
		{88107EB4-4DCC-4824-8E19-401F0AEB1B58}.Ad-Hoc|ARM.ActiveCfg = Release|Any CPU
		{88107EB4-4DCC-4824-8E19-401F0AEB1B58}.Ad-Hoc|ARM.Build.0 = Release|Any CPU
		{88107EB4-4DCC-4824-8E19-401F0AEB1B58}.Ad-Hoc|iPhone.ActiveCfg = Release|Any CPU
		{88107EB4-4DCC-4824-8E19-401F0AEB1B58}.Ad-Hoc|iPhone.Build.0 = Release|Any CPU
		{88107EB4-4DCC-4824-8E19-401F0AEB1B58}.Ad-Hoc|iPhoneSimulator.ActiveCfg = Release|Any CPU
		{88107EB4-4DCC-4824-8E19-401F0AEB1B58}.Ad-Hoc|iPhoneSimulator.Build.0 = Release|Any CPU
		{88107EB4-4DCC-4824-8E19-401F0AEB1B58}.Ad-Hoc|x64.ActiveCfg = Release|Any CPU
		{88107EB4-4DCC-4824-8E19-401F0AEB1B58}.Ad-Hoc|x64.Build.0 = Release|Any CPU
		{88107EB4-4DCC-4824-8E19-401F0AEB1B58}.Ad-Hoc|x86.ActiveCfg = Release|Any CPU
		{88107EB4-4DCC-4824-8E19-401F0AEB1B58}.Ad-Hoc|x86.Build.0 = Release|Any CPU
		{88107EB4-4DCC-4824-8E19-401F0AEB1B58}.AppStore|Any CPU.ActiveCfg = Release|Any CPU
		{88107EB4-4DCC-4824-8E19-401F0AEB1B58}.AppStore|Any CPU.Build.0 = Release|Any CPU
		{88107EB4-4DCC-4824-8E19-401F0AEB1B58}.AppStore|ARM.ActiveCfg = Release|Any CPU
		{88107EB4-4DCC-4824-8E19-401F0AEB1B58}.AppStore|ARM.Build.0 = Release|Any CPU
		{88107EB4-4DCC-4824-8E19-401F0AEB1B58}.AppStore|iPhone.ActiveCfg = Release|Any CPU
		{88107EB4-4DCC-4824-8E19-401F0AEB1B58}.AppStore|iPhone.Build.0 = Release|Any CPU
		{88107EB4-4DCC-4824-8E19-401F0AEB1B58}.AppStore|iPhoneSimulator.ActiveCfg = Release|Any CPU
		{88107EB4-4DCC-4824-8E19-401F0AEB1B58}.AppStore|iPhoneSimulator.Build.0 = Release|Any CPU
		{88107EB4-4DCC-4824-8E19-401F0AEB1B58}.AppStore|x64.ActiveCfg = Release|Any CPU
		{88107EB4-4DCC-4824-8E19-401F0AEB1B58}.AppStore|x64.Build.0 = Release|Any CPU
		{88107EB4-4DCC-4824-8E19-401F0AEB1B58}.AppStore|x86.ActiveCfg = Release|Any CPU
		{88107EB4-4DCC-4824-8E19-401F0AEB1B58}.AppStore|x86.Build.0 = Release|Any CPU
		{88107EB4-4DCC-4824-8E19-401F0AEB1B58}.Debug|Any CPU.ActiveCfg = Debug|Any CPU
		{88107EB4-4DCC-4824-8E19-401F0AEB1B58}.Debug|Any CPU.Build.0 = Debug|Any CPU
		{88107EB4-4DCC-4824-8E19-401F0AEB1B58}.Debug|ARM.ActiveCfg = Debug|Any CPU
		{88107EB4-4DCC-4824-8E19-401F0AEB1B58}.Debug|ARM.Build.0 = Debug|Any CPU
		{88107EB4-4DCC-4824-8E19-401F0AEB1B58}.Debug|iPhone.ActiveCfg = Debug|Any CPU
		{88107EB4-4DCC-4824-8E19-401F0AEB1B58}.Debug|iPhone.Build.0 = Debug|Any CPU
		{88107EB4-4DCC-4824-8E19-401F0AEB1B58}.Debug|iPhoneSimulator.ActiveCfg = Debug|Any CPU
		{88107EB4-4DCC-4824-8E19-401F0AEB1B58}.Debug|iPhoneSimulator.Build.0 = Debug|Any CPU
		{88107EB4-4DCC-4824-8E19-401F0AEB1B58}.Debug|x64.ActiveCfg = Debug|Any CPU
		{88107EB4-4DCC-4824-8E19-401F0AEB1B58}.Debug|x64.Build.0 = Debug|Any CPU
		{88107EB4-4DCC-4824-8E19-401F0AEB1B58}.Debug|x86.ActiveCfg = Debug|Any CPU
		{88107EB4-4DCC-4824-8E19-401F0AEB1B58}.Debug|x86.Build.0 = Debug|Any CPU
		{88107EB4-4DCC-4824-8E19-401F0AEB1B58}.Release|Any CPU.ActiveCfg = Release|Any CPU
		{88107EB4-4DCC-4824-8E19-401F0AEB1B58}.Release|Any CPU.Build.0 = Release|Any CPU
		{88107EB4-4DCC-4824-8E19-401F0AEB1B58}.Release|ARM.ActiveCfg = Release|Any CPU
		{88107EB4-4DCC-4824-8E19-401F0AEB1B58}.Release|ARM.Build.0 = Release|Any CPU
		{88107EB4-4DCC-4824-8E19-401F0AEB1B58}.Release|iPhone.ActiveCfg = Release|Any CPU
		{88107EB4-4DCC-4824-8E19-401F0AEB1B58}.Release|iPhone.Build.0 = Release|Any CPU
		{88107EB4-4DCC-4824-8E19-401F0AEB1B58}.Release|iPhoneSimulator.ActiveCfg = Release|Any CPU
		{88107EB4-4DCC-4824-8E19-401F0AEB1B58}.Release|iPhoneSimulator.Build.0 = Release|Any CPU
		{88107EB4-4DCC-4824-8E19-401F0AEB1B58}.Release|x64.ActiveCfg = Release|Any CPU
		{88107EB4-4DCC-4824-8E19-401F0AEB1B58}.Release|x64.Build.0 = Release|Any CPU
		{88107EB4-4DCC-4824-8E19-401F0AEB1B58}.Release|x86.ActiveCfg = Release|Any CPU
		{88107EB4-4DCC-4824-8E19-401F0AEB1B58}.Release|x86.Build.0 = Release|Any CPU
		{E42D2A22-369F-4AB0-8FBD-7D65322595FD}.Ad-Hoc|Any CPU.ActiveCfg = Ad-Hoc|iPhone
		{E42D2A22-369F-4AB0-8FBD-7D65322595FD}.Ad-Hoc|ARM.ActiveCfg = Ad-Hoc|iPhone
		{E42D2A22-369F-4AB0-8FBD-7D65322595FD}.Ad-Hoc|iPhone.ActiveCfg = Ad-Hoc|iPhone
		{E42D2A22-369F-4AB0-8FBD-7D65322595FD}.Ad-Hoc|iPhone.Build.0 = Ad-Hoc|iPhone
		{E42D2A22-369F-4AB0-8FBD-7D65322595FD}.Ad-Hoc|iPhoneSimulator.ActiveCfg = Ad-Hoc|iPhoneSimulator
		{E42D2A22-369F-4AB0-8FBD-7D65322595FD}.Ad-Hoc|iPhoneSimulator.Build.0 = Ad-Hoc|iPhoneSimulator
		{E42D2A22-369F-4AB0-8FBD-7D65322595FD}.Ad-Hoc|x64.ActiveCfg = Ad-Hoc|iPhone
		{E42D2A22-369F-4AB0-8FBD-7D65322595FD}.Ad-Hoc|x86.ActiveCfg = Ad-Hoc|iPhone
		{E42D2A22-369F-4AB0-8FBD-7D65322595FD}.AppStore|Any CPU.ActiveCfg = AppStore|iPhone
		{E42D2A22-369F-4AB0-8FBD-7D65322595FD}.AppStore|ARM.ActiveCfg = AppStore|iPhone
		{E42D2A22-369F-4AB0-8FBD-7D65322595FD}.AppStore|iPhone.ActiveCfg = AppStore|iPhone
		{E42D2A22-369F-4AB0-8FBD-7D65322595FD}.AppStore|iPhone.Build.0 = AppStore|iPhone
		{E42D2A22-369F-4AB0-8FBD-7D65322595FD}.AppStore|iPhoneSimulator.ActiveCfg = AppStore|iPhoneSimulator
		{E42D2A22-369F-4AB0-8FBD-7D65322595FD}.AppStore|iPhoneSimulator.Build.0 = AppStore|iPhoneSimulator
		{E42D2A22-369F-4AB0-8FBD-7D65322595FD}.AppStore|x64.ActiveCfg = AppStore|iPhone
		{E42D2A22-369F-4AB0-8FBD-7D65322595FD}.AppStore|x86.ActiveCfg = AppStore|iPhone
		{E42D2A22-369F-4AB0-8FBD-7D65322595FD}.Debug|Any CPU.ActiveCfg = Debug|iPhone
		{E42D2A22-369F-4AB0-8FBD-7D65322595FD}.Debug|ARM.ActiveCfg = Debug|iPhone
		{E42D2A22-369F-4AB0-8FBD-7D65322595FD}.Debug|iPhone.ActiveCfg = Debug|iPhone
		{E42D2A22-369F-4AB0-8FBD-7D65322595FD}.Debug|iPhone.Build.0 = Debug|iPhone
		{E42D2A22-369F-4AB0-8FBD-7D65322595FD}.Debug|iPhoneSimulator.ActiveCfg = Debug|iPhoneSimulator
		{E42D2A22-369F-4AB0-8FBD-7D65322595FD}.Debug|iPhoneSimulator.Build.0 = Debug|iPhoneSimulator
		{E42D2A22-369F-4AB0-8FBD-7D65322595FD}.Debug|x64.ActiveCfg = Debug|iPhone
		{E42D2A22-369F-4AB0-8FBD-7D65322595FD}.Debug|x86.ActiveCfg = Debug|iPhone
		{E42D2A22-369F-4AB0-8FBD-7D65322595FD}.Release|Any CPU.ActiveCfg = Release|iPhone
		{E42D2A22-369F-4AB0-8FBD-7D65322595FD}.Release|ARM.ActiveCfg = Release|iPhone
		{E42D2A22-369F-4AB0-8FBD-7D65322595FD}.Release|iPhone.ActiveCfg = Release|iPhone
		{E42D2A22-369F-4AB0-8FBD-7D65322595FD}.Release|iPhone.Build.0 = Release|iPhone
		{E42D2A22-369F-4AB0-8FBD-7D65322595FD}.Release|iPhoneSimulator.ActiveCfg = Release|iPhoneSimulator
		{E42D2A22-369F-4AB0-8FBD-7D65322595FD}.Release|iPhoneSimulator.Build.0 = Release|iPhoneSimulator
		{E42D2A22-369F-4AB0-8FBD-7D65322595FD}.Release|x64.ActiveCfg = Release|iPhone
		{E42D2A22-369F-4AB0-8FBD-7D65322595FD}.Release|x86.ActiveCfg = Release|iPhone
	EndGlobalSection
	GlobalSection(SolutionProperties) = preSolution
		HideSolutionNode = FALSE
	EndGlobalSection
EndGlobal
